{
  "name": "cards",
  "version": "1.0.0",
  "lockfileVersion": 2,
  "requires": true,
  "packages": {
    "": {
      "version": "1.0.0",
      "license": "ISC",
      "dependencies": {
        "poker-evaluator": "^2.0.5"
      }
    },
    "node_modules/@types/node": {
      "version": "13.13.28",
      "resolved": "https://registry.npmjs.org/@types/node/-/node-13.13.28.tgz",
      "integrity": "sha512-EM/qFeRH8ZCD+TlsaIPULyyFm9vOhFIvgskY2JmHbEsWsOPgN+rtjSXrcHGgJpob4Nu17VfO95FKewr0XY7iOQ=="
    },
    "node_modules/poker-evaluator": {
      "version": "2.0.5",
      "resolved": "https://registry.npmjs.org/poker-evaluator/-/poker-evaluator-2.0.5.tgz",
      "integrity": "sha512-3RwPXLaZHbVnjRxgK5pfCdQN1NpEo9h0Er4afJlfjHS10m3kWeNcm0aSnR1mFS5giGcLuI83Hc7pgY8GS8DkBA==",
      "dependencies": {
        "@types/node": "^13.1.6",
        "tslib": "^1.10.0",
        "typescript": "^3.7.4"
      },
      "engines": {
        "node": ">= 0.6.0"
      }
    },
    "node_modules/tslib": {
      "version": "1.14.1",
      "resolved": "https://registry.npmjs.org/tslib/-/tslib-1.14.1.tgz",
      "integrity": "sha512-Xni35NKzjgMrwevysHTCArtLDpPvye8zV/0E4EyYn43P7/7qvQwPh9BGkHewbMulVntbigmcT7rdX3BNo9wRJg=="
    },
    "node_modules/typescript": {
      "version": "3.9.7",
      "resolved": "https://registry.npmjs.org/typescript/-/typescript-3.9.7.tgz",
      "integrity": "sha512-BLbiRkiBzAwsjut4x/dsibSTB6yWpwT5qWmC2OfuCg3GgVQCSgMs4vEctYPhsaGtd0AeuuHMkjZ2h2WG8MSzRw==",
      "bin": {
        "tsc": "bin/tsc",
        "tsserver": "bin/tsserver"
      },
      "engines": {
        "node": ">=4.2.0"
      }
    }
  },
  "dependencies": {
    "@types/node": {
      "version": "13.13.28",
      "resolved": "https://registry.npmjs.org/@types/node/-/node-13.13.28.tgz",
      "integrity": "sha512-EM/qFeRH8ZCD+TlsaIPULyyFm9vOhFIvgskY2JmHbEsWsOPgN+rtjSXrcHGgJpob4Nu17VfO95FKewr0XY7iOQ=="
    },
    "poker-evaluator": {
      "version": "2.0.5",
      "resolved": "https://registry.npmjs.org/poker-evaluator/-/poker-evaluator-2.0.5.tgz",
      "integrity": "sha512-3RwPXLaZHbVnjRxgK5pfCdQN1NpEo9h0Er4afJlfjHS10m3kWeNcm0aSnR1mFS5giGcLuI83Hc7pgY8GS8DkBA==",
      "requires": {
        "@types/node": "^13.1.6",
        "tslib": "^1.10.0",
        "typescript": "^3.7.4"
      }
    },
    "tslib": {
      "version": "1.14.1",
      "resolved": "https://registry.npmjs.org/tslib/-/tslib-1.14.1.tgz",
      "integrity": "sha512-Xni35NKzjgMrwevysHTCArtLDpPvye8zV/0E4EyYn43P7/7qvQwPh9BGkHewbMulVntbigmcT7rdX3BNo9wRJg=="
    },
    "typescript": {
      "version": "3.9.7",
      "resolved": "https://registry.npmjs.org/typescript/-/typescript-3.9.7.tgz",
      "integrity": "sha512-BLbiRkiBzAwsjut4x/dsibSTB6yWpwT5qWmC2OfuCg3GgVQCSgMs4vEctYPhsaGtd0AeuuHMkjZ2h2WG8MSzRw=="
    }
  }
}
