{
  "name": "quiz_pokemon",
  "version": "1.0.0",
  "lockfileVersion": 2,
  "requires": true,
  "packages": {
    "": {
      "version": "1.0.0",
      "license": "ISC",
      "dependencies": {
        "pokemon-picker": "^1.2.2"
      }
    },
    "node_modules/commander": {
      "version": "2.20.3",
      "resolved": "https://registry.npmjs.org/commander/-/commander-2.20.3.tgz",
      "integrity": "sha512-GpVkmM8vF2vQUkj2LvZmD35JxeJOLCwJ9cUkugyk2nuhbv3+mJvpLYYt+0+USMxE+oj+ey/lJEnhZw75x/OMcQ=="
    },
    "node_modules/pokemon-picker": {
      "version": "1.2.2",
      "resolved": "https://registry.npmjs.org/pokemon-picker/-/pokemon-picker-1.2.2.tgz",
      "integrity": "sha1-lGcldEeMCBLw/xA6TC9C8OOtMBY=",
      "dependencies": {
        "commander": "^2.9.0"
      },
      "bin": {
        "pokemon-picker": "cli.js"
      }
    }
  },
  "dependencies": {
    "commander": {
      "version": "2.20.3",
      "resolved": "https://registry.npmjs.org/commander/-/commander-2.20.3.tgz",
      "integrity": "sha512-GpVkmM8vF2vQUkj2LvZmD35JxeJOLCwJ9cUkugyk2nuhbv3+mJvpLYYt+0+USMxE+oj+ey/lJEnhZw75x/OMcQ=="
    },
    "pokemon-picker": {
      "version": "1.2.2",
      "resolved": "https://registry.npmjs.org/pokemon-picker/-/pokemon-picker-1.2.2.tgz",
      "integrity": "sha1-lGcldEeMCBLw/xA6TC9C8OOtMBY=",
      "requires": {
        "commander": "^2.9.0"
      }
    }
  }
}
